
Microsoft Visual Studio Solution File, Format Version 12.00
# Visual Studio Version 16
VisualStudioVersion = 16.0.30717.126
MinimumVisualStudioVersion = 10.0.40219.1
Project("{FAE04EC0-301F-11D3-BF4B-00C04F79EFBC}") = "GrpcServiceHospital", "GrpcServiceHospital\GrpcServiceHospital.csproj", "{3168EBC5-7770-4D08-AD35-9AC8D009526F}"
EndProject
Global
	GlobalSection(SolutionConfigurationPlatforms) = preSolution
		Debug|Any CPU = Debug|Any CPU
		Release|Any CPU = Release|Any CPU
	EndGlobalSection
	GlobalSection(ProjectConfigurationPlatforms) = postSolution
		{3168EBC5-7770-4D08-AD35-9AC8D009526F}.Debug|Any CPU.ActiveCfg = Debug|Any CPU
		{3168EBC5-7770-4D08-AD35-9AC8D009526F}.Debug|Any CPU.Build.0 = Debug|Any CPU
		{3168EBC5-7770-4D08-AD35-9AC8D009526F}.Release|Any CPU.ActiveCfg = Release|Any CPU
		{3168EBC5-7770-4D08-AD35-9AC8D009526F}.Release|Any CPU.Build.0 = Release|Any CPU
	EndGlobalSection
	GlobalSection(SolutionProperties) = preSolution
		HideSolutionNode = FALSE
	EndGlobalSection
	GlobalSection(ExtensibilityGlobals) = postSolution
		SolutionGuid = {1DFDF12C-1FCB-4B51-A937-05CB44CAD3A8}
	EndGlobalSection
EndGlobal
